{
  "requires": true,
  "lockfileVersion": 1,
  "dependencies": {
    "@angular/core": {
      "version": "13.0.2",
      "resolved": "https://registry.npmjs.org/@angular/core/-/core-13.0.2.tgz",
      "integrity": "sha512-6Jbct50lncMqzwLILzfmwQRK8eOEMv0quCL3pQptEpYPSlPqKz6QRxD76BykSUOs7XYJ/KdZmu3uGcT2Q/DUVg==",
      "requires": {
        "tslib": "^2.3.0"
      }
    },
    "tslib": {
      "version": "2.3.1",
      "resolved": "https://registry.npmjs.org/tslib/-/tslib-2.3.1.tgz",
      "integrity": "sha512-77EbyPPpMz+FRFRuAFlWMtmgUWGe9UOG2Z25NqCwiIjRhOf5iKGuzSe5P2w1laq+FkRy4p+PCuVkJSGkzTEKVw=="
    }
  }
}
